<Solution>
  <Folder Name="/BuildingBlocks/">
    <Project Path="src/FinRegSeguros.BuildingBlocks.Contracts/FinRegSeguros.BuildingBlocks.Contracts.csproj" />
    <Project Path="src/FinRegSeguros.BuildingBlocks.Messaging/FinRegSeguros.BuildingBlocks.Messaging.csproj" />
    <Project Path="src/FinRegSeguros.BuildingBlocks.Outbox/FinRegSeguros.BuildingBlocks.Outbox.csproj" />
  </Folder>
  <Folder Name="/Gateway/">
    <Project Path="src/FinRegSeguros.Ingestion.API/FinRegSeguros.Ingestion.API.csproj" />
  </Folder>
</Solution>
